<?xml version="1.0" encoding="utf-8"?>
<Project ToolsVersion="4.0" xmlns="http://schemas.microsoft.com/developer/msbuild/2003">
  <ItemGroup>
    <Filter Include="source file">
      <UniqueIdentifier>{4FC737F1-C7A5-4376-A066-2A32D752A2FF}</UniqueIdentifier>
      <Extensions>cpp;c;cc;cxx;def;odl;idl;hpj;bat;asm;asmx</Extensions>
    </Filter>
    <Filter Include="library">
      <UniqueIdentifier>{93995380-89BD-4b04-88EB-625FBE52EBFB}</UniqueIdentifier>
      <Extensions>h;hh;hpp;hxx;hm;inl;inc;ipp;xsd</Extensions>
    </Filter>
    <Filter Include="library\wavfile">
      <UniqueIdentifier>{d902885a-2daa-40e4-a850-676cf525f786}</UniqueIdentifier>
    </Filter>
    <Filter Include="library\dsd2pcm">
      <UniqueIdentifier>{d7119c19-2586-4d75-bc0a-0c845b80770b}</UniqueIdentifier>
    </Filter>
    <Filter Include="library\dsd2pcm\noise shape test">
      <UniqueIdentifier>{7a8ddac7-7075-406e-951a-0a32e523f346}</UniqueIdentifier>
    </Filter>
    <Filter Include="library\halfband test">
      <UniqueIdentifier>{21846952-5285-4ab6-b030-3e6608fdce56}</UniqueIdentifier>
    </Filter>
  </ItemGroup>
  <ItemGroup>
    <ClCompile Include="main.cpp">
      <Filter>source file</Filter>
    </ClCompile>
    <ClCompile Include="dsd2pcm\dsd2pcm.c">
      <Filter>library\dsd2pcm</Filter>
    </ClCompile>
    <ClCompile Include="dsd2pcm\noiseshape.c">
      <Filter>library\dsd2pcm\noise shape test</Filter>
    </ClCompile>
    <ClCompile Include="halfband_test.c">
      <Filter>library\halfband test</Filter>
    </ClCompile>
  </ItemGroup>
  <ItemGroup>
    <ClInclude Include="dr_wav.h">
      <Filter>library\wavfile</Filter>
    </ClInclude>
    <ClInclude Include="wavfile.h">
      <Filter>library\wavfile</Filter>
    </ClInclude>
    <ClInclude Include="dsd2pcm\dsd2pcm.h">
      <Filter>library\dsd2pcm</Filter>
    </ClInclude>
    <ClInclude Include="dsdfile.h">
      <Filter>library\dsd2pcm</Filter>
    </ClInclude>
    <ClInclude Include="fir_halfband.h">
      <Filter>library\halfband test</Filter>
    </ClInclude>
    <ClInclude Include="dsd2pcm\noiseshape.h">
      <Filter>library\dsd2pcm\noise shape test</Filter>
    </ClInclude>
    <ClInclude Include="noise_shape_test.h">
      <Filter>library\dsd2pcm\noise shape test</Filter>
    </ClInclude>
    <ClInclude Include="state2.h">
      <Filter>library\dsd2pcm</Filter>
    </ClInclude>
  </ItemGroup>
</Project>